
Microsoft Visual Studio Solution File, Format Version 12.00
# Visual Studio 2013
VisualStudioVersion = 12.0.21005.1
MinimumVisualStudioVersion = 10.0.40219.1
Project("{8BC9CEB8-8B4A-11D0-8D11-00A0C91BC942}") = "listing2_1", "listing2_1\listing2_1.vcxproj", "{9A2C3CAB-A62A-42FB-B6A9-A52537B04F41}"
EndProject
Project("{8BC9CEB8-8B4A-11D0-8D11-00A0C91BC942}") = "listing3_1", "listing3_1\listing3_1.vcxproj", "{BC6A645F-3995-4B3E-B831-FF437DD415C2}"
EndProject
Project("{8BC9CEB8-8B4A-11D0-8D11-00A0C91BC942}") = "listing3_2", "listing3_2\listing3_2.vcxproj", "{665E652A-A8CF-4395-96E2-74C3B05C7774}"
EndProject
Project("{8BC9CEB8-8B4A-11D0-8D11-00A0C91BC942}") = "listing3_8", "listing3_8\listing3_8.vcxproj", "{24BE13F3-F0B6-4C67-BB20-F626FC445530}"
EndProject
Project("{8BC9CEB8-8B4A-11D0-8D11-00A0C91BC942}") = "listing3_9", "listing3_9\listing3_9.vcxproj", "{95CDAB0B-A84F-419A-A8E6-4D3EAD233134}"
EndProject
Project("{8BC9CEB8-8B4A-11D0-8D11-00A0C91BC942}") = "listing3_14", "listing3_14\listing3_14.vcxproj", "{A36B3A55-651A-43C3-8A5F-D5C6E1F44733}"
EndProject
Project("{8BC9CEB8-8B4A-11D0-8D11-00A0C91BC942}") = "listing4_15pointers", "listing4_15pointers\listing4_15pointers.vcxproj", "{DE86FF60-BE41-4A16-8D07-E7F8A5FA3FA5}"
EndProject
Project("{8BC9CEB8-8B4A-11D0-8D11-00A0C91BC942}") = "listing4_17_use_new", "listing4_17_use_new\listing4_17_use_new.vcxproj", "{EE46791A-B6C4-4EDB-A7A1-B399124531EC}"
EndProject
Project("{8BC9CEB8-8B4A-11D0-8D11-00A0C91BC942}") = "listing4_18", "listing4_18\listing4_18.vcxproj", "{F950DB81-8ECD-425D-A123-EFFFF487FFF6}"
EndProject
Project("{8BC9CEB8-8B4A-11D0-8D11-00A0C91BC942}") = "listing4_19", "listing4_19\listing4_19.vcxproj", "{B9830365-6C1F-47A5-B6B5-AB7C5A4E9853}"
EndProject
Project("{8BC9CEB8-8B4A-11D0-8D11-00A0C91BC942}") = "listing4_20", "listing4_20\listing4_20.vcxproj", "{E75A12A3-E9F1-41C6-AF06-5B18A8914308}"
EndProject
Project("{8BC9CEB8-8B4A-11D0-8D11-00A0C91BC942}") = "listing4_22", "listing4_22\listing4_22.vcxproj", "{EA6FB7E5-B97D-44CD-B091-2D375419FF2A}"
EndProject
Project("{8BC9CEB8-8B4A-11D0-8D11-00A0C91BC942}") = "listing4_24_vector_array", "listing4_24_vector_array\listing4_24_vector_array.vcxproj", "{D9DE686C-034A-47A9-8F04-7D68FBF1603F}"
EndProject
Project("{8BC9CEB8-8B4A-11D0-8D11-00A0C91BC942}") = "listing4_21_ptr_structure", "listing4_21_ptr_structure\listing4_21_ptr_structure.vcxproj", "{EFA78F99-B45A-4B9A-8FCE-5117095CA2BE}"
EndProject
Project("{8BC9CEB8-8B4A-11D0-8D11-00A0C91BC942}") = "listing4_23_combinations_st_ptrs", "listing4_23_combinations_st_ptrs\listing4_23_combinations_st_ptrs.vcxproj", "{810B7E91-FF13-422E-89B6-66BE0B4FC140}"
EndProject
Project("{8BC9CEB8-8B4A-11D0-8D11-00A0C91BC942}") = "listing5_1_for_loops", "listing5_1\listing5_1.vcxproj", "{E97552F1-10AB-4A18-B636-075CD7C11B21}"
EndProject
Project("{8BC9CEB8-8B4A-11D0-8D11-00A0C91BC942}") = "listing5_2_for_loops", "listing5_2_for_loops\listing5_2_for_loops.vcxproj", "{05D5044D-7802-4699-88C4-D27F9A9203C0}"
EndProject
Project("{8BC9CEB8-8B4A-11D0-8D11-00A0C91BC942}") = "listing5_3_express", "listing5_3_express\listing5_3_express.vcxproj", "{40AB6CDB-48B4-4AFC-AAAB-D09B65D4396D}"
EndProject
Project("{8BC9CEB8-8B4A-11D0-8D11-00A0C91BC942}") = "listing5_4_formore", "listing5_4_formore\listing5_4_formore.vcxproj", "{F260BA6A-8FB4-408A-AEBD-2FB42713E562}"
EndProject
Project("{8BC9CEB8-8B4A-11D0-8D11-00A0C91BC942}") = "listing5_7_plus_one", "listing5_7_plus_one\listing5_7_plus_one.vcxproj", "{2947181E-2B73-4FEA-B11C-E1665E4E5B95}"
EndProject
Project("{8BC9CEB8-8B4A-11D0-8D11-00A0C91BC942}") = "listing5_13_while", "listing5_13_while\listing5_13_while.vcxproj", "{1B8D378A-F2E3-421A-9C3F-D850C56FA974}"
EndProject
Project("{8BC9CEB8-8B4A-11D0-8D11-00A0C91BC942}") = "listing6_1_ifelse", "listing6_1_ifelse\listing6_1_ifelse.vcxproj", "{9710B33B-E8D4-4889-A92C-B18221783390}"
EndProject
Project("{8BC9CEB8-8B4A-11D0-8D11-00A0C91BC942}") = "listing6_3_ifelseif", "listing6_3_ifelseif\listing6_3_ifelseif.vcxproj", "{F2F943C4-B103-4712-8420-BE7C2A7A56A3}"
EndProject
Project("{8BC9CEB8-8B4A-11D0-8D11-00A0C91BC942}") = "listing6_14_cingolf", "listing6_14_cingolf\listing6_14_cingolf.vcxproj", "{69FB5DC1-3D16-44A4-BD25-49E17A0BA44D}"
EndProject
Project("{8BC9CEB8-8B4A-11D0-8D11-00A0C91BC942}") = "listing6_15_outfile", "lisitng6_15_outfile\lisitng6_15_outfile.vcxproj", "{BE48B637-452A-475E-9670-CC7B45E275CA}"
EndProject
Project("{8BC9CEB8-8B4A-11D0-8D11-00A0C91BC942}") = "listing6_16_sumafile", "listing6_16_sumafile\listing6_16_sumafile.vcxproj", "{E86AFB77-16DA-4908-AE3B-2EA1F01F5ECA}"
EndProject
Project("{8BC9CEB8-8B4A-11D0-8D11-00A0C91BC942}") = "listing6_2_ifelse", "listing6_2_ifelse\listing6_2_ifelse.vcxproj", "{918779B7-765F-4214-8E84-D7579ECCD454}"
EndProject
Global
	GlobalSection(SolutionConfigurationPlatforms) = preSolution
		Debug|Win32 = Debug|Win32
		Release|Win32 = Release|Win32
	EndGlobalSection
	GlobalSection(ProjectConfigurationPlatforms) = postSolution
		{9A2C3CAB-A62A-42FB-B6A9-A52537B04F41}.Debug|Win32.ActiveCfg = Debug|Win32
		{9A2C3CAB-A62A-42FB-B6A9-A52537B04F41}.Debug|Win32.Build.0 = Debug|Win32
		{9A2C3CAB-A62A-42FB-B6A9-A52537B04F41}.Release|Win32.ActiveCfg = Release|Win32
		{9A2C3CAB-A62A-42FB-B6A9-A52537B04F41}.Release|Win32.Build.0 = Release|Win32
		{BC6A645F-3995-4B3E-B831-FF437DD415C2}.Debug|Win32.ActiveCfg = Debug|Win32
		{BC6A645F-3995-4B3E-B831-FF437DD415C2}.Debug|Win32.Build.0 = Debug|Win32
		{BC6A645F-3995-4B3E-B831-FF437DD415C2}.Release|Win32.ActiveCfg = Release|Win32
		{BC6A645F-3995-4B3E-B831-FF437DD415C2}.Release|Win32.Build.0 = Release|Win32
		{665E652A-A8CF-4395-96E2-74C3B05C7774}.Debug|Win32.ActiveCfg = Debug|Win32
		{665E652A-A8CF-4395-96E2-74C3B05C7774}.Debug|Win32.Build.0 = Debug|Win32
		{665E652A-A8CF-4395-96E2-74C3B05C7774}.Release|Win32.ActiveCfg = Release|Win32
		{665E652A-A8CF-4395-96E2-74C3B05C7774}.Release|Win32.Build.0 = Release|Win32
		{24BE13F3-F0B6-4C67-BB20-F626FC445530}.Debug|Win32.ActiveCfg = Debug|Win32
		{24BE13F3-F0B6-4C67-BB20-F626FC445530}.Debug|Win32.Build.0 = Debug|Win32
		{24BE13F3-F0B6-4C67-BB20-F626FC445530}.Release|Win32.ActiveCfg = Release|Win32
		{24BE13F3-F0B6-4C67-BB20-F626FC445530}.Release|Win32.Build.0 = Release|Win32
		{95CDAB0B-A84F-419A-A8E6-4D3EAD233134}.Debug|Win32.ActiveCfg = Debug|Win32
		{95CDAB0B-A84F-419A-A8E6-4D3EAD233134}.Debug|Win32.Build.0 = Debug|Win32
		{95CDAB0B-A84F-419A-A8E6-4D3EAD233134}.Release|Win32.ActiveCfg = Release|Win32
		{95CDAB0B-A84F-419A-A8E6-4D3EAD233134}.Release|Win32.Build.0 = Release|Win32
		{A36B3A55-651A-43C3-8A5F-D5C6E1F44733}.Debug|Win32.ActiveCfg = Debug|Win32
		{A36B3A55-651A-43C3-8A5F-D5C6E1F44733}.Debug|Win32.Build.0 = Debug|Win32
		{A36B3A55-651A-43C3-8A5F-D5C6E1F44733}.Release|Win32.ActiveCfg = Release|Win32
		{A36B3A55-651A-43C3-8A5F-D5C6E1F44733}.Release|Win32.Build.0 = Release|Win32
		{DE86FF60-BE41-4A16-8D07-E7F8A5FA3FA5}.Debug|Win32.ActiveCfg = Debug|Win32
		{DE86FF60-BE41-4A16-8D07-E7F8A5FA3FA5}.Debug|Win32.Build.0 = Debug|Win32
		{DE86FF60-BE41-4A16-8D07-E7F8A5FA3FA5}.Release|Win32.ActiveCfg = Release|Win32
		{DE86FF60-BE41-4A16-8D07-E7F8A5FA3FA5}.Release|Win32.Build.0 = Release|Win32
		{EE46791A-B6C4-4EDB-A7A1-B399124531EC}.Debug|Win32.ActiveCfg = Debug|Win32
		{EE46791A-B6C4-4EDB-A7A1-B399124531EC}.Debug|Win32.Build.0 = Debug|Win32
		{EE46791A-B6C4-4EDB-A7A1-B399124531EC}.Release|Win32.ActiveCfg = Release|Win32
		{EE46791A-B6C4-4EDB-A7A1-B399124531EC}.Release|Win32.Build.0 = Release|Win32
		{F950DB81-8ECD-425D-A123-EFFFF487FFF6}.Debug|Win32.ActiveCfg = Debug|Win32
		{F950DB81-8ECD-425D-A123-EFFFF487FFF6}.Debug|Win32.Build.0 = Debug|Win32
		{F950DB81-8ECD-425D-A123-EFFFF487FFF6}.Release|Win32.ActiveCfg = Release|Win32
		{F950DB81-8ECD-425D-A123-EFFFF487FFF6}.Release|Win32.Build.0 = Release|Win32
		{B9830365-6C1F-47A5-B6B5-AB7C5A4E9853}.Debug|Win32.ActiveCfg = Debug|Win32
		{B9830365-6C1F-47A5-B6B5-AB7C5A4E9853}.Debug|Win32.Build.0 = Debug|Win32
		{B9830365-6C1F-47A5-B6B5-AB7C5A4E9853}.Release|Win32.ActiveCfg = Release|Win32
		{B9830365-6C1F-47A5-B6B5-AB7C5A4E9853}.Release|Win32.Build.0 = Release|Win32
		{E75A12A3-E9F1-41C6-AF06-5B18A8914308}.Debug|Win32.ActiveCfg = Debug|Win32
		{E75A12A3-E9F1-41C6-AF06-5B18A8914308}.Debug|Win32.Build.0 = Debug|Win32
		{E75A12A3-E9F1-41C6-AF06-5B18A8914308}.Release|Win32.ActiveCfg = Release|Win32
		{E75A12A3-E9F1-41C6-AF06-5B18A8914308}.Release|Win32.Build.0 = Release|Win32
		{EA6FB7E5-B97D-44CD-B091-2D375419FF2A}.Debug|Win32.ActiveCfg = Debug|Win32
		{EA6FB7E5-B97D-44CD-B091-2D375419FF2A}.Debug|Win32.Build.0 = Debug|Win32
		{EA6FB7E5-B97D-44CD-B091-2D375419FF2A}.Release|Win32.ActiveCfg = Release|Win32
		{EA6FB7E5-B97D-44CD-B091-2D375419FF2A}.Release|Win32.Build.0 = Release|Win32
		{D9DE686C-034A-47A9-8F04-7D68FBF1603F}.Debug|Win32.ActiveCfg = Debug|Win32
		{D9DE686C-034A-47A9-8F04-7D68FBF1603F}.Debug|Win32.Build.0 = Debug|Win32
		{D9DE686C-034A-47A9-8F04-7D68FBF1603F}.Release|Win32.ActiveCfg = Release|Win32
		{D9DE686C-034A-47A9-8F04-7D68FBF1603F}.Release|Win32.Build.0 = Release|Win32
		{EFA78F99-B45A-4B9A-8FCE-5117095CA2BE}.Debug|Win32.ActiveCfg = Debug|Win32
		{EFA78F99-B45A-4B9A-8FCE-5117095CA2BE}.Debug|Win32.Build.0 = Debug|Win32
		{EFA78F99-B45A-4B9A-8FCE-5117095CA2BE}.Release|Win32.ActiveCfg = Release|Win32
		{EFA78F99-B45A-4B9A-8FCE-5117095CA2BE}.Release|Win32.Build.0 = Release|Win32
		{810B7E91-FF13-422E-89B6-66BE0B4FC140}.Debug|Win32.ActiveCfg = Debug|Win32
		{810B7E91-FF13-422E-89B6-66BE0B4FC140}.Debug|Win32.Build.0 = Debug|Win32
		{810B7E91-FF13-422E-89B6-66BE0B4FC140}.Release|Win32.ActiveCfg = Release|Win32
		{810B7E91-FF13-422E-89B6-66BE0B4FC140}.Release|Win32.Build.0 = Release|Win32
		{E97552F1-10AB-4A18-B636-075CD7C11B21}.Debug|Win32.ActiveCfg = Debug|Win32
		{E97552F1-10AB-4A18-B636-075CD7C11B21}.Debug|Win32.Build.0 = Debug|Win32
		{E97552F1-10AB-4A18-B636-075CD7C11B21}.Release|Win32.ActiveCfg = Release|Win32
		{E97552F1-10AB-4A18-B636-075CD7C11B21}.Release|Win32.Build.0 = Release|Win32
		{05D5044D-7802-4699-88C4-D27F9A9203C0}.Debug|Win32.ActiveCfg = Debug|Win32
		{05D5044D-7802-4699-88C4-D27F9A9203C0}.Debug|Win32.Build.0 = Debug|Win32
		{05D5044D-7802-4699-88C4-D27F9A9203C0}.Release|Win32.ActiveCfg = Release|Win32
		{05D5044D-7802-4699-88C4-D27F9A9203C0}.Release|Win32.Build.0 = Release|Win32
		{40AB6CDB-48B4-4AFC-AAAB-D09B65D4396D}.Debug|Win32.ActiveCfg = Debug|Win32
		{40AB6CDB-48B4-4AFC-AAAB-D09B65D4396D}.Debug|Win32.Build.0 = Debug|Win32
		{40AB6CDB-48B4-4AFC-AAAB-D09B65D4396D}.Release|Win32.ActiveCfg = Release|Win32
		{40AB6CDB-48B4-4AFC-AAAB-D09B65D4396D}.Release|Win32.Build.0 = Release|Win32
		{F260BA6A-8FB4-408A-AEBD-2FB42713E562}.Debug|Win32.ActiveCfg = Debug|Win32
		{F260BA6A-8FB4-408A-AEBD-2FB42713E562}.Debug|Win32.Build.0 = Debug|Win32
		{F260BA6A-8FB4-408A-AEBD-2FB42713E562}.Release|Win32.ActiveCfg = Release|Win32
		{F260BA6A-8FB4-408A-AEBD-2FB42713E562}.Release|Win32.Build.0 = Release|Win32
		{2947181E-2B73-4FEA-B11C-E1665E4E5B95}.Debug|Win32.ActiveCfg = Debug|Win32
		{2947181E-2B73-4FEA-B11C-E1665E4E5B95}.Debug|Win32.Build.0 = Debug|Win32
		{2947181E-2B73-4FEA-B11C-E1665E4E5B95}.Release|Win32.ActiveCfg = Release|Win32
		{2947181E-2B73-4FEA-B11C-E1665E4E5B95}.Release|Win32.Build.0 = Release|Win32
		{1B8D378A-F2E3-421A-9C3F-D850C56FA974}.Debug|Win32.ActiveCfg = Debug|Win32
		{1B8D378A-F2E3-421A-9C3F-D850C56FA974}.Debug|Win32.Build.0 = Debug|Win32
		{1B8D378A-F2E3-421A-9C3F-D850C56FA974}.Release|Win32.ActiveCfg = Release|Win32
		{1B8D378A-F2E3-421A-9C3F-D850C56FA974}.Release|Win32.Build.0 = Release|Win32
		{9710B33B-E8D4-4889-A92C-B18221783390}.Debug|Win32.ActiveCfg = Debug|Win32
		{9710B33B-E8D4-4889-A92C-B18221783390}.Debug|Win32.Build.0 = Debug|Win32
		{9710B33B-E8D4-4889-A92C-B18221783390}.Release|Win32.ActiveCfg = Release|Win32
		{9710B33B-E8D4-4889-A92C-B18221783390}.Release|Win32.Build.0 = Release|Win32
		{F2F943C4-B103-4712-8420-BE7C2A7A56A3}.Debug|Win32.ActiveCfg = Debug|Win32
		{F2F943C4-B103-4712-8420-BE7C2A7A56A3}.Debug|Win32.Build.0 = Debug|Win32
		{F2F943C4-B103-4712-8420-BE7C2A7A56A3}.Release|Win32.ActiveCfg = Release|Win32
		{F2F943C4-B103-4712-8420-BE7C2A7A56A3}.Release|Win32.Build.0 = Release|Win32
		{69FB5DC1-3D16-44A4-BD25-49E17A0BA44D}.Debug|Win32.ActiveCfg = Debug|Win32
		{69FB5DC1-3D16-44A4-BD25-49E17A0BA44D}.Debug|Win32.Build.0 = Debug|Win32
		{69FB5DC1-3D16-44A4-BD25-49E17A0BA44D}.Release|Win32.ActiveCfg = Release|Win32
		{69FB5DC1-3D16-44A4-BD25-49E17A0BA44D}.Release|Win32.Build.0 = Release|Win32
		{BE48B637-452A-475E-9670-CC7B45E275CA}.Debug|Win32.ActiveCfg = Debug|Win32
		{BE48B637-452A-475E-9670-CC7B45E275CA}.Debug|Win32.Build.0 = Debug|Win32
		{BE48B637-452A-475E-9670-CC7B45E275CA}.Release|Win32.ActiveCfg = Release|Win32
		{BE48B637-452A-475E-9670-CC7B45E275CA}.Release|Win32.Build.0 = Release|Win32
		{E86AFB77-16DA-4908-AE3B-2EA1F01F5ECA}.Debug|Win32.ActiveCfg = Debug|Win32
		{E86AFB77-16DA-4908-AE3B-2EA1F01F5ECA}.Debug|Win32.Build.0 = Debug|Win32
		{E86AFB77-16DA-4908-AE3B-2EA1F01F5ECA}.Release|Win32.ActiveCfg = Release|Win32
		{E86AFB77-16DA-4908-AE3B-2EA1F01F5ECA}.Release|Win32.Build.0 = Release|Win32
		{918779B7-765F-4214-8E84-D7579ECCD454}.Debug|Win32.ActiveCfg = Debug|Win32
		{918779B7-765F-4214-8E84-D7579ECCD454}.Debug|Win32.Build.0 = Debug|Win32
		{918779B7-765F-4214-8E84-D7579ECCD454}.Release|Win32.ActiveCfg = Release|Win32
		{918779B7-765F-4214-8E84-D7579ECCD454}.Release|Win32.Build.0 = Release|Win32
	EndGlobalSection
	GlobalSection(SolutionProperties) = preSolution
		HideSolutionNode = FALSE
	EndGlobalSection
EndGlobal
